
Microsoft Visual Studio Solution File, Format Version 12.00
# Visual Studio Version 16
VisualStudioVersion = 16.0.33214.272
MinimumVisualStudioVersion = 10.0.40219.1
Project("{FAE04EC0-301F-11D3-BF4B-00C04F79EFBC}") = "Employee_CRUD _ Operation", "Employee_CRUD _ Operation\Employee_CRUD _ Operation.csproj", "{44CD1BEE-4A9F-4274-8D4C-67176CCED22E}"
EndProject
Global
	GlobalSection(SolutionConfigurationPlatforms) = preSolution
		Debug|Any CPU = Debug|Any CPU
		Release|Any CPU = Release|Any CPU
	EndGlobalSection
	GlobalSection(ProjectConfigurationPlatforms) = postSolution
		{44CD1BEE-4A9F-4274-8D4C-67176CCED22E}.Debug|Any CPU.ActiveCfg = Debug|Any CPU
		{44CD1BEE-4A9F-4274-8D4C-67176CCED22E}.Debug|Any CPU.Build.0 = Debug|Any CPU
		{44CD1BEE-4A9F-4274-8D4C-67176CCED22E}.Release|Any CPU.ActiveCfg = Release|Any CPU
		{44CD1BEE-4A9F-4274-8D4C-67176CCED22E}.Release|Any CPU.Build.0 = Release|Any CPU
	EndGlobalSection
	GlobalSection(SolutionProperties) = preSolution
		HideSolutionNode = FALSE
	EndGlobalSection
	GlobalSection(ExtensibilityGlobals) = postSolution
		SolutionGuid = {B9FF8509-BF75-407C-99AB-790B9D572028}
	EndGlobalSection
EndGlobal
